lockfileVersion: '9.0'

settings:
  autoInstallPeers: true
  excludeLinksFromLockfile: false

importers:

  .:
    dependencies:
      dsh-browser-control:
        specifier: file:../browser-control
        version: file:../browser-control

packages:

  '@types/node@26.5.0':
    resolution: {integrity: sha512-dVSGpriSoCgz8WnDNTuSSuSv1PC/ALXihO4ulRZt7Md8k9mlbdin3lGOcDE8SnWOgf513ByWlXd7BK4azmyg/A==}

  chrome-launcher@1.2.1:
    resolution: {integrity: sha512-qmFR5PLMzHyuNJHwOloHPAHhbaNglkfeV/xDtt5b7xiFFyU1I+AZZX0PYseMuhenJSSirgxELYIbswcoc+5H4A==}
    engines: {node: '>=12.13.0'}
    hasBin: true

  debug@4.4.3:
    resolution: {integrity: sha512-RGwwWnwQvkVfavKVt22FGLw+xYSdzARwm0ru6DhTVA3umU5hZc28V3kO4stgYryrTlLpuvgI9GiijltAjNbcqA==}
    engines: {node: '>=6.0'}
    peerDependencies:
      supports-color: '*'
    peerDependenciesMeta:
      supports-color:
        optional: true

  dsh-browser-control@file:../browser-control:
    resolution: {directory: ../browser-control, type: directory}

  escape-string-regexp@4.0.0:
    resolution: {integrity: sha512-TtpcNJ3XAzx3Gq8sWRzJaVajRs0uVxA2YAkdb1jm2YkPz4G6egUFAyA3n5vtEIZefPk5Wa4UXbKuS5fKkJWdgA==}
    engines: {node: '>=10'}

  is-docker@2.2.1:
    resolution: {integrity: sha512-F+i2BKsFrH66iaUFc0woD8sLy8getkwTwtOBjvs56Cx4CgJDeKQeqfz8wAYiSb8JOprWhHH5p77PbmYCvvUuXQ==}
    engines: {node: '>=8'}
    hasBin: true

  is-wsl@2.2.0:
    resolution: {integrity: sha512-fKzAra0rGJUUBwGBgNkHZuToZcn+TtXHpeCgmkMJMMYx1sQDYaCSyjJBSCa2nH1DGm7s3n1oBnohoVTBaN7Lww==}
    engines: {node: '>=8'}

  lighthouse-logger@2.0.2:
    resolution: {integrity: sha512-vWl2+u5jgOQuZR55Z1WM0XDdrJT6mzMP8zHUct7xTlWhuQs+eV0g+QL0RQdFjT54zVmbhLCP8vIVpy1wGn/gCg==}

  marky@1.3.0:
    resolution: {integrity: sha512-ocnPZQLNpvbedwTy9kNrQEsknEfgvcLMvOtz3sFeWApDq1MXH1TqkCIx58xlpESsfwQOnuBO9beyQuNGzVvuhQ==}

  ms@2.1.3:
    resolution: {integrity: sha512-6FlzubTLZG3J2a/NVCAleEhjzq5oxgHyaCU9yYXvcLsvoVaHJq/s5xXI6/XXP6tz7R9xAOtHnSO/tXtF3WRTlA==}

  playwright-core@1.63.0:
    resolution: {integrity: sha512-rYCsBF/M5HjUch52bbtVONEFjv6Xu8sm8h72dNlR5bzIE1fvC/bxgspzkjSfU+MweEMmPM8KJebG6nnyxo5mCg==}
    engines: {node: '>=20'}
    hasBin: true

  playwright@1.63.0:
    resolution: {integrity: sha512-+7ziBLidS4NaNCdt57SUDT+wYmmd5fmiQejUic/kb+YsYSCPyOOE9sebzMjNmQrsnNpDJqd4WHvV/8lfKfUDUg==}
    engines: {node: '>=20'}
    hasBin: true

  undici-types@8.9.0:
    resolution: {integrity: sha512-KTDyRTYX8sWmKXAikPHHSyc63CRPETMctyjKFupcC6OBLXT3xsN0e9aF7m+mIXutFWpUXuedtowG7iLOzp0kQg==}

snapshots:

  '@types/node@26.5.0':
    dependencies:
      undici-types: 8.9.0

  chrome-launcher@1.2.1:
    dependencies:
      '@types/node': 26.5.0
      escape-string-regexp: 4.0.0
      is-wsl: 2.2.0
      lighthouse-logger: 2.0.2
    transitivePeerDependencies:
      - supports-color

  debug@4.4.3:
    dependencies:
      ms: 2.1.3

  dsh-browser-control@file:../browser-control:
    dependencies:
      '@deepseek-ai/dsh-api-browser-controller': link:../../packages/api/browser-controller
      '@deepseek-ai/dsh-client-ui-browser': link:../../packages/client/ui-browser
      chrome-launcher: 1.2.1
      playwright: 1.63.0
    transitivePeerDependencies:
      - supports-color

  escape-string-regexp@4.0.0: {}

  is-docker@2.2.1: {}

  is-wsl@2.2.0:
    dependencies:
      is-docker: 2.2.1

  lighthouse-logger@2.0.2:
    dependencies:
      debug: 4.4.3
      marky: 1.3.0
    transitivePeerDependencies:
      - supports-color

  marky@1.3.0: {}

  ms@2.1.3: {}

  playwright-core@1.63.0: {}

  playwright@1.63.0:
    dependencies:
      playwright-core: 1.63.0

  undici-types@8.9.0: {}
